
Microsoft Visual Studio Solution File, Format Version 12.00
# Visual Studio Version 17
VisualStudioVersion = 17.5.002.0
MinimumVisualStudioVersion = 10.0.40219.1
Project("{9A19103F-16F7-4668-BE54-9A1E7A4F7556}") = "dotnet-rpg", "dotnet-rpg.csproj", "{7DEA0F81-09F9-4350-A8E4-60671B0BF989}"
EndProject
Global
	GlobalSection(SolutionConfigurationPlatforms) = preSolution
		Debug|Any CPU = Debug|Any CPU
		Release|Any CPU = Release|Any CPU
	EndGlobalSection
	GlobalSection(ProjectConfigurationPlatforms) = postSolution
		{7DEA0F81-09F9-4350-A8E4-60671B0BF989}.Debug|Any CPU.ActiveCfg = Debug|Any CPU
		{7DEA0F81-09F9-4350-A8E4-60671B0BF989}.Debug|Any CPU.Build.0 = Debug|Any CPU
		{7DEA0F81-09F9-4350-A8E4-60671B0BF989}.Release|Any CPU.ActiveCfg = Release|Any CPU
		{7DEA0F81-09F9-4350-A8E4-60671B0BF989}.Release|Any CPU.Build.0 = Release|Any CPU
	EndGlobalSection
	GlobalSection(SolutionProperties) = preSolution
		HideSolutionNode = FALSE
	EndGlobalSection
	GlobalSection(ExtensibilityGlobals) = postSolution
		SolutionGuid = {AE2BA3C9-D38E-467A-9225-F35D722835B2}
	EndGlobalSection
EndGlobal
